// !$*UTF8*$!
{
	archiveVersion = 1;
	classes = {
	};
	objectVersion = 48;
	objects = {

/* Begin PBXBuildFile section */
		A7B7F8631FC76D5300568FD5 /* AppDelegate.swift in Sources */ = {isa = PBXBuildFile; fileRef = A7B7F8621FC76D5300568FD5 /* AppDelegate.swift */; };
		A7B7F8651FC76D5300568FD5 /* FirstViewController.swift in Sources */ = {isa = PBXBuildFile; fileRef = A7B7F8641FC76D5300568FD5 /* FirstViewController.swift */; };
		A7B7F8671FC76D5300568FD5 /* LocationVC.swift in Sources */ = {isa = PBXBuildFile; fileRef = A7B7F8661FC76D5300568FD5 /* LocationVC.swift */; };
		A7B7F86A1FC76D5300568FD5 /* Main.storyboard in Resources */ = {isa = PBXBuildFile; fileRef = A7B7F8681FC76D5300568FD5 /* Main.storyboard */; };
		A7B7F86C1FC76D5300568FD5 /* Assets.xcassets in Resources */ = {isa = PBXBuildFile; fileRef = A7B7F86B1FC76D5300568FD5 /* Assets.xcassets */; };
		A7B7F86F1FC76D5300568FD5 /* LaunchScreen.storyboard in Resources */ = {isa = PBXBuildFile; fileRef = A7B7F86D1FC76D5300568FD5 /* LaunchScreen.storyboard */; };
		A7B7F87A1FC76D5300568FD5 /* DevBootCampsTests.swift in Sources */ = {isa = PBXBuildFile; fileRef = A7B7F8791FC76D5300568FD5 /* DevBootCampsTests.swift */; };
		A7B7F8851FC76D5300568FD5 /* DevBootCampsUITests.swift in Sources */ = {isa = PBXBuildFile; fileRef = A7B7F8841FC76D5300568FD5 /* DevBootCampsUITests.swift */; };
/* End PBXBuildFile section */

/* Begin PBXContainerItemProxy section */
		A7B7F8761FC76D5300568FD5 /* PBXContainerItemProxy */ = {
			isa = PBXContainerItemProxy;
			containerPortal = A7B7F8571FC76D5200568FD5 /* Project object */;
			proxyType = 1;
			remoteGlobalIDString = A7B7F85E1FC76D5300568FD5;
			remoteInfo = DevBootCamps;
		};
		A7B7F8811FC76D5300568FD5 /* PBXContainerItemProxy */ = {
			isa = PBXContainerItemProxy;
			containerPortal = A7B7F8571FC76D5200568FD5 /* Project object */;
			proxyType = 1;
			remoteGlobalIDString = A7B7F85E1FC76D5300568FD5;
			remoteInfo = DevBootCamps;
		};
/* End PBXContainerItemProxy section */

/* Begin PBXFileReference section */
		A7B7F85F1FC76D5300568FD5 /* DevBootCamps.app */ = {isa = PBXFileReference; explicitFileType = wrapper.application; includeInIndex = 0; path = DevBootCamps.app; sourceTree = BUILT_PRODUCTS_DIR; };
		A7B7F8621FC76D5300568FD5 /* AppDelegate.swift */ = {isa = PBXFileReference; lastKnownFileType = sourcecode.swift; path = AppDelegate.swift; sourceTree = "<group>"; };
		A7B7F8641FC76D5300568FD5 /* FirstViewController.swift */ = {isa = PBXFileReference; lastKnownFileType = sourcecode.swift; path = FirstViewController.swift; sourceTree = "<group>"; };
		A7B7F8661FC76D5300568FD5 /* LocationVC.swift */ = {isa = PBXFileReference; lastKnownFileType = sourcecode.swift; path = LocationVC.swift; sourceTree = "<group>"; };
		A7B7F8691FC76D5300568FD5 /* Base */ = {isa = PBXFileReference; lastKnownFileType = file.storyboard; name = Base; path = Base.lproj/Main.storyboard; sourceTree = "<group>"; };
		A7B7F86B1FC76D5300568FD5 /* Assets.xcassets */ = {isa = PBXFileReference; lastKnownFileType = folder.assetcatalog; path = Assets.xcassets; sourceTree = "<group>"; };
		A7B7F86E1FC76D5300568FD5 /* Base */ = {isa = PBXFileReference; lastKnownFileType = file.storyboard; name = Base; path = Base.lproj/LaunchScreen.storyboard; sourceTree = "<group>"; };
		A7B7F8701FC76D5300568FD5 /* Info.plist */ = {isa = PBXFileReference; lastKnownFileType = text.plist.xml; path = Info.plist; sourceTree = "<group>"; };
		A7B7F8751FC76D5300568FD5 /* DevBootCampsTests.xctest */ = {isa = PBXFileReference; explicitFileType = wrapper.cfbundle; includeInIndex = 0; path = DevBootCampsTests.xctest; sourceTree = BUILT_PRODUCTS_DIR; };
		A7B7F8791FC76D5300568FD5 /* DevBootCampsTests.swift */ = {isa = PBXFileReference; lastKnownFileType = sourcecode.swift; path = DevBootCampsTests.swift; sourceTree = "<group>"; };
		A7B7F87B1FC76D5300568FD5 /* Info.plist */ = {isa = PBXFileReference; lastKnownFileType = text.plist.xml; path = Info.plist; sourceTree = "<group>"; };
		A7B7F8801FC76D5300568FD5 /* DevBootCampsUITests.xctest */ = {isa = PBXFileReference; explicitFileType = wrapper.cfbundle; includeInIndex = 0; path = DevBootCampsUITests.xctest; sourceTree = BUILT_PRODUCTS_DIR; };
		A7B7F8841FC76D5300568FD5 /* DevBootCampsUITests.swift */ = {isa = PBXFileReference; lastKnownFileType = sourcecode.swift; path = DevBootCampsUITests.swift; sourceTree = "<group>"; };
		A7B7F8861FC76D5300568FD5 /* Info.plist */ = {isa = PBXFileReference; lastKnownFileType = text.plist.xml; path = Info.plist; sourceTree = "<group>"; };
/* End PBXFileReference section */

/* Begin PBXFrameworksBuildPhase section */
		A7B7F85C1FC76D5300568FD5 /* Frameworks */ = {
			isa = PBXFrameworksBuildPhase;
			buildActionMask = 2147483647;
			files = (
			);
			runOnlyForDeploymentPostprocessing = 0;
		};
		A7B7F8721FC76D5300568FD5 /* Frameworks */ = {
			isa = PBXFrameworksBuildPhase;
			buildActionMask = 2147483647;
			files = (
			);
			runOnlyForDeploymentPostprocessing = 0;
		};
		A7B7F87D1FC76D5300568FD5 /* Frameworks */ = {
			isa = PBXFrameworksBuildPhase;
			buildActionMask = 2147483647;
			files = (
			);
			runOnlyForDeploymentPostprocessing = 0;
		};
/* End PBXFrameworksBuildPhase section */

/* Begin PBXGroup section */
		A7B7F8561FC76D5200568FD5 = {
			isa = PBXGroup;
			children = (
				A7B7F8611FC76D5300568FD5 /* DevBootCamps */,
				A7B7F8781FC76D5300568FD5 /* DevBootCampsTests */,
				A7B7F8831FC76D5300568FD5 /* DevBootCampsUITests */,
				A7B7F8601FC76D5300568FD5 /* Products */,
			);
			sourceTree = "<group>";
		};
		A7B7F8601FC76D5300568FD5 /* Products */ = {
			isa = PBXGroup;
			children = (
				A7B7F85F1FC76D5300568FD5 /* DevBootCamps.app */,
				A7B7F8751FC76D5300568FD5 /* DevBootCampsTests.xctest */,
				A7B7F8801FC76D5300568FD5 /* DevBootCampsUITests.xctest */,
			);
			name = Products;
			sourceTree = "<group>";
		};
		A7B7F8611FC76D5300568FD5 /* DevBootCamps */ = {
			isa = PBXGroup;
			children = (
				A7B7F8621FC76D5300568FD5 /* AppDelegate.swift */,
				A7B7F8641FC76D5300568FD5 /* FirstViewController.swift */,
				A7B7F8661FC76D5300568FD5 /* LocationVC.swift */,
				A7B7F8681FC76D5300568FD5 /* Main.storyboard */,
				A7B7F86B1FC76D5300568FD5 /* Assets.xcassets */,
				A7B7F86D1FC76D5300568FD5 /* LaunchScreen.storyboard */,
				A7B7F8701FC76D5300568FD5 /* Info.plist */,
			);
			path = DevBootCamps;
			sourceTree = "<group>";
		};
		A7B7F8781FC76D5300568FD5 /* DevBootCampsTests */ = {
			isa = PBXGroup;
			children = (
				A7B7F8791FC76D5300568FD5 /* DevBootCampsTests.swift */,
				A7B7F87B1FC76D5300568FD5 /* Info.plist */,
			);
			path = DevBootCampsTests;
			sourceTree = "<group>";
		};
		A7B7F8831FC76D5300568FD5 /* DevBootCampsUITests */ = {
			isa = PBXGroup;
			children = (
				A7B7F8841FC76D5300568FD5 /* DevBootCampsUITests.swift */,
				A7B7F8861FC76D5300568FD5 /* Info.plist */,
			);
			path = DevBootCampsUITests;
			sourceTree = "<group>";
		};
/* End PBXGroup section */

/* Begin PBXNativeTarget section */
		A7B7F85E1FC76D5300568FD5 /* DevBootCamps */ = {
			isa = PBXNativeTarget;
			buildConfigurationList = A7B7F8891FC76D5300568FD5 /* Build configuration list for PBXNativeTarget "DevBootCamps" */;
			buildPhases = (
				A7B7F85B1FC76D5300568FD5 /* Sources */,
				A7B7F85C1FC76D5300568FD5 /* Frameworks */,
				A7B7F85D1FC76D5300568FD5 /* Resources */,
			);
			buildRules = (
			);
			dependencies = (
			);
			name = DevBootCamps;
			productName = DevBootCamps;
			productReference = A7B7F85F1FC76D5300568FD5 /* DevBootCamps.app */;
			productType = "com.apple.product-type.application";
		};
		A7B7F8741FC76D5300568FD5 /* DevBootCampsTests */ = {
			isa = PBXNativeTarget;
			buildConfigurationList = A7B7F88C1FC76D5300568FD5 /* Build configuration list for PBXNativeTarget "DevBootCampsTests" */;
			buildPhases = (
				A7B7F8711FC76D5300568FD5 /* Sources */,
				A7B7F8721FC76D5300568FD5 /* Frameworks */,
				A7B7F8731FC76D5300568FD5 /* Resources */,
			);
			buildRules = (
			);
			dependencies = (
				A7B7F8771FC76D5300568FD5 /* PBXTargetDependency */,
			);
			name = DevBootCampsTests;
			productName = DevBootCampsTests;
			productReference = A7B7F8751FC76D5300568FD5 /* DevBootCampsTests.xctest */;
			productType = "com.apple.product-type.bundle.unit-test";
		};
		A7B7F87F1FC76D5300568FD5 /* DevBootCampsUITests */ = {
			isa = PBXNativeTarget;
			buildConfigurationList = A7B7F88F1FC76D5300568FD5 /* Build configuration list for PBXNativeTarget "DevBootCampsUITests" */;
			buildPhases = (
				A7B7F87C1FC76D5300568FD5 /* Sources */,
				A7B7F87D1FC76D5300568FD5 /* Frameworks */,
				A7B7F87E1FC76D5300568FD5 /* Resources */,
			);
			buildRules = (
			);
			dependencies = (
				A7B7F8821FC76D5300568FD5 /* PBXTargetDependency */,
			);
			name = DevBootCampsUITests;
			productName = DevBootCampsUITests;
			productReference = A7B7F8801FC76D5300568FD5 /* DevBootCampsUITests.xctest */;
			productType = "com.apple.product-type.bundle.ui-testing";
		};
/* End PBXNativeTarget section */

/* Begin PBXProject section */
		A7B7F8571FC76D5200568FD5 /* Project object */ = {
			isa = PBXProject;
			attributes = {
				LastSwiftUpdateCheck = 0910;
				LastUpgradeCheck = 0910;
				ORGANIZATIONNAME = "Dylan Critchfield";
				TargetAttributes = {
					A7B7F85E1FC76D5300568FD5 = {
						CreatedOnToolsVersion = 9.1;
						ProvisioningStyle = Automatic;
					};
					A7B7F8741FC76D5300568FD5 = {
						CreatedOnToolsVersion = 9.1;
						ProvisioningStyle = Automatic;
						TestTargetID = A7B7F85E1FC76D5300568FD5;
					};
					A7B7F87F1FC76D5300568FD5 = {
						CreatedOnToolsVersion = 9.1;
						ProvisioningStyle = Automatic;
						TestTargetID = A7B7F85E1FC76D5300568FD5;
					};
				};
			};
			buildConfigurationList = A7B7F85A1FC76D5200568FD5 /* Build configuration list for PBXProject "DevBootCamps" */;
			compatibilityVersion = "Xcode 8.0";
			developmentRegion = en;
			hasScannedForEncodings = 0;
			knownRegions = (
				en,
				Base,
			);
			mainGroup = A7B7F8561FC76D5200568FD5;
			productRefGroup = A7B7F8601FC76D5300568FD5 /* Products */;
			projectDirPath = "";
			projectRoot = "";
			targets = (
				A7B7F85E1FC76D5300568FD5 /* DevBootCamps */,
				A7B7F8741FC76D5300568FD5 /* DevBootCampsTests */,
				A7B7F87F1FC76D5300568FD5 /* DevBootCampsUITests */,
			);
		};
/* End PBXProject section */

/* Begin PBXResourcesBuildPhase section */
		A7B7F85D1FC76D5300568FD5 /* Resources */ = {
			isa = PBXResourcesBuildPhase;
			buildActionMask = 2147483647;
			files = (
				A7B7F86F1FC76D5300568FD5 /* LaunchScreen.storyboard in Resources */,
				A7B7F86C1FC76D5300568FD5 /* Assets.xcassets in Resources */,
				A7B7F86A1FC76D5300568FD5 /* Main.storyboard in Resources */,
			);
			runOnlyForDeploymentPostprocessing = 0;
		};
		A7B7F8731FC76D5300568FD5 /* Resources */ = {
			isa = PBXResourcesBuildPhase;
			buildActionMask = 2147483647;
			files = (
			);
			runOnlyForDeploymentPostprocessing = 0;
		};
		A7B7F87E1FC76D5300568FD5 /* Resources */ = {
			isa = PBXResourcesBuildPhase;
			buildActionMask = 2147483647;
			files = (
			);
			runOnlyForDeploymentPostprocessing = 0;
		};
/* End PBXResourcesBuildPhase section */

/* Begin PBXSourcesBuildPhase section */
		A7B7F85B1FC76D5300568FD5 /* Sources */ = {
			isa = PBXSourcesBuildPhase;
			buildActionMask = 2147483647;
			files = (
				A7B7F8671FC76D5300568FD5 /* LocationVC.swift in Sources */,
				A7B7F8631FC76D5300568FD5 /* AppDelegate.swift in Sources */,
				A7B7F8651FC76D5300568FD5 /* FirstViewController.swift in Sources */,
			);
			runOnlyForDeploymentPostprocessing = 0;
		};
		A7B7F8711FC76D5300568FD5 /* Sources */ = {
			isa = PBXSourcesBuildPhase;
			buildActionMask = 2147483647;
			files = (
				A7B7F87A1FC76D5300568FD5 /* DevBootCampsTests.swift in Sources */,
			);
			runOnlyForDeploymentPostprocessing = 0;
		};
		A7B7F87C1FC76D5300568FD5 /* Sources */ = {
			isa = PBXSourcesBuildPhase;
			buildActionMask = 2147483647;
			files = (
				A7B7F8851FC76D5300568FD5 /* DevBootCampsUITests.swift in Sources */,
			);
			runOnlyForDeploymentPostprocessing = 0;
		};
/* End PBXSourcesBuildPhase section */

/* Begin PBXTargetDependency section */
		A7B7F8771FC76D5300568FD5 /* PBXTargetDependency */ = {
			isa = PBXTargetDependency;
			target = A7B7F85E1FC76D5300568FD5 /* DevBootCamps */;
			targetProxy = A7B7F8761FC76D5300568FD5 /* PBXContainerItemProxy */;
		};
		A7B7F8821FC76D5300568FD5 /* PBXTargetDependency */ = {
			isa = PBXTargetDependency;
			target = A7B7F85E1FC76D5300568FD5 /* DevBootCamps */;
			targetProxy = A7B7F8811FC76D5300568FD5 /* PBXContainerItemProxy */;
		};
/* End PBXTargetDependency section */

/* Begin PBXVariantGroup section */
		A7B7F8681FC76D5300568FD5 /* Main.storyboard */ = {
			isa = PBXVariantGroup;
			children = (
				A7B7F8691FC76D5300568FD5 /* Base */,
			);
			name = Main.storyboard;
			sourceTree = "<group>";
		};
		A7B7F86D1FC76D5300568FD5 /* LaunchScreen.storyboard */ = {
			isa = PBXVariantGroup;
			children = (
				A7B7F86E1FC76D5300568FD5 /* Base */,
			);
			name = LaunchScreen.storyboard;
			sourceTree = "<group>";
		};
/* End PBXVariantGroup section */

/* Begin XCBuildConfiguration section */
		A7B7F8871FC76D5300568FD5 /* Debug */ = {
			isa = XCBuildConfiguration;
			buildSettings = {
				ALWAYS_SEARCH_USER_PATHS = NO;
				CLANG_ANALYZER_NONNULL = YES;
				CLANG_ANALYZER_NUMBER_OBJECT_CONVERSION = YES_AGGRESSIVE;
				CLANG_CXX_LANGUAGE_STANDARD = "gnu++14";
				CLANG_CXX_LIBRARY = "libc++";
				CLANG_ENABLE_MODULES = YES;
				CLANG_ENABLE_OBJC_ARC = YES;
				CLANG_WARN_BLOCK_CAPTURE_AUTORELEASING = YES;
				CLANG_WARN_BOOL_CONVERSION = YES;
				CLANG_WARN_COMMA = YES;
				CLANG_WARN_CONSTANT_CONVERSION = YES;
				CLANG_WARN_DIRECT_OBJC_ISA_USAGE = YES_ERROR;
				CLANG_WARN_DOCUMENTATION_COMMENTS = YES;
				CLANG_WARN_EMPTY_BODY = YES;
				CLANG_WARN_ENUM_CONVERSION = YES;
				CLANG_WARN_INFINITE_RECURSION = YES;
				CLANG_WARN_INT_CONVERSION = YES;
				CLANG_WARN_NON_LITERAL_NULL_CONVERSION = YES;
				CLANG_WARN_OBJC_LITERAL_CONVERSION = YES;
				CLANG_WARN_OBJC_ROOT_CLASS = YES_ERROR;
				CLANG_WARN_RANGE_LOOP_ANALYSIS = YES;
				CLANG_WARN_STRICT_PROTOTYPES = YES;
				CLANG_WARN_SUSPICIOUS_MOVE = YES;
				CLANG_WARN_UNGUARDED_AVAILABILITY = YES_AGGRESSIVE;
				CLANG_WARN_UNREACHABLE_CODE = YES;
				CLANG_WARN__DUPLICATE_METHOD_MATCH = YES;
				CODE_SIGN_IDENTITY = "iPhone Developer";
				COPY_PHASE_STRIP = NO;
				DEBUG_INFORMATION_FORMAT = dwarf;
				ENABLE_STRICT_OBJC_MSGSEND = YES;
				ENABLE_TESTABILITY = YES;
				GCC_C_LANGUAGE_STANDARD = gnu11;
				GCC_DYNAMIC_NO_PIC = NO;
				GCC_NO_COMMON_BLOCKS = YES;
				GCC_OPTIMIZATION_LEVEL = 0;
				GCC_PREPROCESSOR_DEFINITIONS = (
					"DEBUG=1",
					"$(inherited)",
				);
				GCC_WARN_64_TO_32_BIT_CONVERSION = YES;
				GCC_WARN_ABOUT_RETURN_TYPE = YES_ERROR;
				GCC_WARN_UNDECLARED_SELECTOR = YES;
				GCC_WARN_UNINITIALIZED_AUTOS = YES_AGGRESSIVE;
				GCC_WARN_UNUSED_FUNCTION = YES;
				GCC_WARN_UNUSED_VARIABLE = YES;
				IPHONEOS_DEPLOYMENT_TARGET = 11.1;
				MTL_ENABLE_DEBUG_INFO = YES;
				ONLY_ACTIVE_ARCH = YES;
				SDKROOT = iphoneos;
				SWIFT_ACTIVE_COMPILATION_CONDITIONS = DEBUG;
				SWIFT_OPTIMIZATION_LEVEL = "-Onone";
			};
			name = Debug;
		};
		A7B7F8881FC76D5300568FD5 /* Release */ = {
			isa = XCBuildConfiguration;
			buildSettings = {
				ALWAYS_SEARCH_USER_PATHS = NO;
				CLANG_ANALYZER_NONNULL = YES;
				CLANG_ANALYZER_NUMBER_OBJECT_CONVERSION = YES_AGGRESSIVE;
				CLANG_CXX_LANGUAGE_STANDARD = "gnu++14";
				CLANG_CXX_LIBRARY = "libc++";
				CLANG_ENABLE_MODULES = YES;
				CLANG_ENABLE_OBJC_ARC = YES;
				CLANG_WARN_BLOCK_CAPTURE_AUTORELEASING = YES;
				CLANG_WARN_BOOL_CONVERSION = YES;
				CLANG_WARN_COMMA = YES;
				CLANG_WARN_CONSTANT_CONVERSION = YES;
				CLANG_WARN_DIRECT_OBJC_ISA_USAGE = YES_ERROR;
				CLANG_WARN_DOCUMENTATION_COMMENTS = YES;
				CLANG_WARN_EMPTY_BODY = YES;
				CLANG_WARN_ENUM_CONVERSION = YES;
				CLANG_WARN_INFINITE_RECURSION = YES;
				CLANG_WARN_INT_CONVERSION = YES;
				CLANG_WARN_NON_LITERAL_NULL_CONVERSION = YES;
				CLANG_WARN_OBJC_LITERAL_CONVERSION = YES;
				CLANG_WARN_OBJC_ROOT_CLASS = YES_ERROR;
				CLANG_WARN_RANGE_LOOP_ANALYSIS = YES;
				CLANG_WARN_STRICT_PROTOTYPES = YES;
				CLANG_WARN_SUSPICIOUS_MOVE = YES;
				CLANG_WARN_UNGUARDED_AVAILABILITY = YES_AGGRESSIVE;
				CLANG_WARN_UNREACHABLE_CODE = YES;
				CLANG_WARN__DUPLICATE_METHOD_MATCH = YES;
				CODE_SIGN_IDENTITY = "iPhone Developer";
				COPY_PHASE_STRIP = NO;
				DEBUG_INFORMATION_FORMAT = "dwarf-with-dsym";
				ENABLE_NS_ASSERTIONS = NO;
				ENABLE_STRICT_OBJC_MSGSEND = YES;
				GCC_C_LANGUAGE_STANDARD = gnu11;
				GCC_NO_COMMON_BLOCKS = YES;
				GCC_WARN_64_TO_32_BIT_CONVERSION = YES;
				GCC_WARN_ABOUT_RETURN_TYPE = YES_ERROR;
				GCC_WARN_UNDECLARED_SELECTOR = YES;
				GCC_WARN_UNINITIALIZED_AUTOS = YES_AGGRESSIVE;
				GCC_WARN_UNUSED_FUNCTION = YES;
				GCC_WARN_UNUSED_VARIABLE = YES;
				IPHONEOS_DEPLOYMENT_TARGET = 11.1;
				MTL_ENABLE_DEBUG_INFO = NO;
				SDKROOT = iphoneos;
				SWIFT_OPTIMIZATION_LEVEL = "-Owholemodule";
				VALIDATE_PRODUCT = YES;
			};
			name = Release;
		};
		A7B7F88A1FC76D5300568FD5 /* Debug */ = {
			isa = XCBuildConfiguration;
			buildSettings = {
				ASSETCATALOG_COMPILER_APPICON_NAME = AppIcon;
				CODE_SIGN_STYLE = Automatic;
				INFOPLIST_FILE = DevBootCamps/Info.plist;
				LD_RUNPATH_SEARCH_PATHS = "$(inherited) @executable_path/Frameworks";
				PRODUCT_BUNDLE_IDENTIFIER = Critch.DevBootCamps;
				PRODUCT_NAME = "$(TARGET_NAME)";
				SWIFT_VERSION = 4.0;
				TARGETED_DEVICE_FAMILY = "1,2";
			};
			name = Debug;
		};
		A7B7F88B1FC76D5300568FD5 /* Release */ = {
			isa = XCBuildConfiguration;
			buildSettings = {
				ASSETCATALOG_COMPILER_APPICON_NAME = AppIcon;
				CODE_SIGN_STYLE = Automatic;
				INFOPLIST_FILE = DevBootCamps/Info.plist;
				LD_RUNPATH_SEARCH_PATHS = "$(inherited) @executable_path/Frameworks";
				PRODUCT_BUNDLE_IDENTIFIER = Critch.DevBootCamps;
				PRODUCT_NAME = "$(TARGET_NAME)";
				SWIFT_VERSION = 4.0;
				TARGETED_DEVICE_FAMILY = "1,2";
			};
			name = Release;
		};
		A7B7F88D1FC76D5300568FD5 /* Debug */ = {
			isa = XCBuildConfiguration;
			buildSettings = {
				ALWAYS_EMBED_SWIFT_STANDARD_LIBRARIES = YES;
				BUNDLE_LOADER = "$(TEST_HOST)";
				CODE_SIGN_STYLE = Automatic;
				INFOPLIST_FILE = DevBootCampsTests/Info.plist;
				LD_RUNPATH_SEARCH_PATHS = "$(inherited) @executable_path/Frameworks @loader_path/Frameworks";
				PRODUCT_BUNDLE_IDENTIFIER = Critch.DevBootCampsTests;
				PRODUCT_NAME = "$(TARGET_NAME)";
				SWIFT_VERSION = 4.0;
				TARGETED_DEVICE_FAMILY = "1,2";
				TEST_HOST = "$(BUILT_PRODUCTS_DIR)/DevBootCamps.app/DevBootCamps";
			};
			name = Debug;
		};
		A7B7F88E1FC76D5300568FD5 /* Release */ = {
			isa = XCBuildConfiguration;
			buildSettings = {
				ALWAYS_EMBED_SWIFT_STANDARD_LIBRARIES = YES;
				BUNDLE_LOADER = "$(TEST_HOST)";
				CODE_SIGN_STYLE = Automatic;
				INFOPLIST_FILE = DevBootCampsTests/Info.plist;
				LD_RUNPATH_SEARCH_PATHS = "$(inherited) @executable_path/Frameworks @loader_path/Frameworks";
				PRODUCT_BUNDLE_IDENTIFIER = Critch.DevBootCampsTests;
				PRODUCT_NAME = "$(TARGET_NAME)";
				SWIFT_VERSION = 4.0;
				TARGETED_DEVICE_FAMILY = "1,2";
				TEST_HOST = "$(BUILT_PRODUCTS_DIR)/DevBootCamps.app/DevBootCamps";
			};
			name = Release;
		};
		A7B7F8901FC76D5300568FD5 /* Debug */ = {
			isa = XCBuildConfiguration;
			buildSettings = {
				ALWAYS_EMBED_SWIFT_STANDARD_LIBRARIES = YES;
				CODE_SIGN_STYLE = Automatic;
				INFOPLIST_FILE = DevBootCampsUITests/Info.plist;
				LD_RUNPATH_SEARCH_PATHS = "$(inherited) @executable_path/Frameworks @loader_path/Frameworks";
				PRODUCT_BUNDLE_IDENTIFIER = Critch.DevBootCampsUITests;
				PRODUCT_NAME = "$(TARGET_NAME)";
				SWIFT_VERSION = 4.0;
				TARGETED_DEVICE_FAMILY = "1,2";
				TEST_TARGET_NAME = DevBootCamps;
			};
			name = Debug;
		};
		A7B7F8911FC76D5300568FD5 /* Release */ = {
			isa = XCBuildConfiguration;
			buildSettings = {
				ALWAYS_EMBED_SWIFT_STANDARD_LIBRARIES = YES;
				CODE_SIGN_STYLE = Automatic;
				INFOPLIST_FILE = DevBootCampsUITests/Info.plist;
				LD_RUNPATH_SEARCH_PATHS = "$(inherited) @executable_path/Frameworks @loader_path/Frameworks";
				PRODUCT_BUNDLE_IDENTIFIER = Critch.DevBootCampsUITests;
				PRODUCT_NAME = "$(TARGET_NAME)";
				SWIFT_VERSION = 4.0;
				TARGETED_DEVICE_FAMILY = "1,2";
				TEST_TARGET_NAME = DevBootCamps;
			};
			name = Release;
		};
/* End XCBuildConfiguration section */

/* Begin XCConfigurationList section */
		A7B7F85A1FC76D5200568FD5 /* Build configuration list for PBXProject "DevBootCamps" */ = {
			isa = XCConfigurationList;
			buildConfigurations = (
				A7B7F8871FC76D5300568FD5 /* Debug */,
				A7B7F8881FC76D5300568FD5 /* Release */,
			);
			defaultConfigurationIsVisible = 0;
			defaultConfigurationName = Release;
		};
		A7B7F8891FC76D5300568FD5 /* Build configuration list for PBXNativeTarget "DevBootCamps" */ = {
			isa = XCConfigurationList;
			buildConfigurations = (
				A7B7F88A1FC76D5300568FD5 /* Debug */,
				A7B7F88B1FC76D5300568FD5 /* Release */,
			);
			defaultConfigurationIsVisible = 0;
			defaultConfigurationName = Release;
		};
		A7B7F88C1FC76D5300568FD5 /* Build configuration list for PBXNativeTarget "DevBootCampsTests" */ = {
			isa = XCConfigurationList;
			buildConfigurations = (
				A7B7F88D1FC76D5300568FD5 /* Debug */,
				A7B7F88E1FC76D5300568FD5 /* Release */,
			);
			defaultConfigurationIsVisible = 0;
			defaultConfigurationName = Release;
		};
		A7B7F88F1FC76D5300568FD5 /* Build configuration list for PBXNativeTarget "DevBootCampsUITests" */ = {
			isa = XCConfigurationList;
			buildConfigurations = (
				A7B7F8901FC76D5300568FD5 /* Debug */,
				A7B7F8911FC76D5300568FD5 /* Release */,
			);
			defaultConfigurationIsVisible = 0;
			defaultConfigurationName = Release;
		};
/* End XCConfigurationList section */
	};
	rootObject = A7B7F8571FC76D5200568FD5 /* Project object */;
}
